// !$*UTF8*$!
{
	archiveVersion = 1;
	classes = {
	};
	objectVersion = 55;
	objects = {

/* Begin PBXBuildFile section */
		795F207327D60BA800A9B539 /* ChartsForiOSApp.swift in Sources */ = {isa = PBXBuildFile; fileRef = 795F207227D60BA800A9B539 /* ChartsForiOSApp.swift */; };
		795F207527D60BA800A9B539 /* ContentView.swift in Sources */ = {isa = PBXBuildFile; fileRef = 795F207427D60BA800A9B539 /* ContentView.swift */; };
		795F207727D60BA900A9B539 /* Assets.xcassets in Resources */ = {isa = PBXBuildFile; fileRef = 795F207627D60BA900A9B539 /* Assets.xcassets */; };
		795F207A27D60BA900A9B539 /* Preview Assets.xcassets in Resources */ = {isa = PBXBuildFile; fileRef = 795F207927D60BA900A9B539 /* Preview Assets.xcassets */; };
		795F208427D60BA900A9B539 /* ChartsForiOSTests.swift in Sources */ = {isa = PBXBuildFile; fileRef = 795F208327D60BA900A9B539 /* ChartsForiOSTests.swift */; };
		795F208E27D60BA900A9B539 /* ChartsForiOSUITests.swift in Sources */ = {isa = PBXBuildFile; fileRef = 795F208D27D60BA900A9B539 /* ChartsForiOSUITests.swift */; };
		795F209027D60BA900A9B539 /* ChartsForiOSUITestsLaunchTests.swift in Sources */ = {isa = PBXBuildFile; fileRef = 795F208F27D60BA900A9B539 /* ChartsForiOSUITestsLaunchTests.swift */; };
/* End PBXBuildFile section */

/* Begin PBXContainerItemProxy section */
		795F208027D60BA900A9B539 /* PBXContainerItemProxy */ = {
			isa = PBXContainerItemProxy;
			containerPortal = 795F206727D60BA700A9B539 /* Project object */;
			proxyType = 1;
			remoteGlobalIDString = 795F206E27D60BA800A9B539;
			remoteInfo = ChartsForiOS;
		};
		795F208A27D60BA900A9B539 /* PBXContainerItemProxy */ = {
			isa = PBXContainerItemProxy;
			containerPortal = 795F206727D60BA700A9B539 /* Project object */;
			proxyType = 1;
			remoteGlobalIDString = 795F206E27D60BA800A9B539;
			remoteInfo = ChartsForiOS;
		};
/* End PBXContainerItemProxy section */

/* Begin PBXFileReference section */
		795F206F27D60BA800A9B539 /* ChartsForiOS.app */ = {isa = PBXFileReference; explicitFileType = wrapper.application; includeInIndex = 0; path = ChartsForiOS.app; sourceTree = BUILT_PRODUCTS_DIR; };
		795F207227D60BA800A9B539 /* ChartsForiOSApp.swift */ = {isa = PBXFileReference; lastKnownFileType = sourcecode.swift; path = ChartsForiOSApp.swift; sourceTree = "<group>"; };
		795F207427D60BA800A9B539 /* ContentView.swift */ = {isa = PBXFileReference; lastKnownFileType = sourcecode.swift; path = ContentView.swift; sourceTree = "<group>"; };
		795F207627D60BA900A9B539 /* Assets.xcassets */ = {isa = PBXFileReference; lastKnownFileType = folder.assetcatalog; path = Assets.xcassets; sourceTree = "<group>"; };
		795F207927D60BA900A9B539 /* Preview Assets.xcassets */ = {isa = PBXFileReference; lastKnownFileType = folder.assetcatalog; path = "Preview Assets.xcassets"; sourceTree = "<group>"; };
		795F207F27D60BA900A9B539 /* ChartsForiOSTests.xctest */ = {isa = PBXFileReference; explicitFileType = wrapper.cfbundle; includeInIndex = 0; path = ChartsForiOSTests.xctest; sourceTree = BUILT_PRODUCTS_DIR; };
		795F208327D60BA900A9B539 /* ChartsForiOSTests.swift */ = {isa = PBXFileReference; lastKnownFileType = sourcecode.swift; path = ChartsForiOSTests.swift; sourceTree = "<group>"; };
		795F208927D60BA900A9B539 /* ChartsForiOSUITests.xctest */ = {isa = PBXFileReference; explicitFileType = wrapper.cfbundle; includeInIndex = 0; path = ChartsForiOSUITests.xctest; sourceTree = BUILT_PRODUCTS_DIR; };
		795F208D27D60BA900A9B539 /* ChartsForiOSUITests.swift */ = {isa = PBXFileReference; lastKnownFileType = sourcecode.swift; path = ChartsForiOSUITests.swift; sourceTree = "<group>"; };
		795F208F27D60BA900A9B539 /* ChartsForiOSUITestsLaunchTests.swift */ = {isa = PBXFileReference; lastKnownFileType = sourcecode.swift; path = ChartsForiOSUITestsLaunchTests.swift; sourceTree = "<group>"; };
/* End PBXFileReference section */

/* Begin PBXFrameworksBuildPhase section */
		795F206C27D60BA800A9B539 /* Frameworks */ = {
			isa = PBXFrameworksBuildPhase;
			buildActionMask = 2147483647;
			files = (
			);
			runOnlyForDeploymentPostprocessing = 0;
		};
		795F207C27D60BA900A9B539 /* Frameworks */ = {
			isa = PBXFrameworksBuildPhase;
			buildActionMask = 2147483647;
			files = (
			);
			runOnlyForDeploymentPostprocessing = 0;
		};
		795F208627D60BA900A9B539 /* Frameworks */ = {
			isa = PBXFrameworksBuildPhase;
			buildActionMask = 2147483647;
			files = (
			);
			runOnlyForDeploymentPostprocessing = 0;
		};
/* End PBXFrameworksBuildPhase section */

/* Begin PBXGroup section */
		795F206627D60BA700A9B539 = {
			isa = PBXGroup;
			children = (
				795F207127D60BA800A9B539 /* ChartsForiOS */,
				795F208227D60BA900A9B539 /* ChartsForiOSTests */,
				795F208C27D60BA900A9B539 /* ChartsForiOSUITests */,
				795F207027D60BA800A9B539 /* Products */,
			);
			sourceTree = "<group>";
		};
		795F207027D60BA800A9B539 /* Products */ = {
			isa = PBXGroup;
			children = (
				795F206F27D60BA800A9B539 /* ChartsForiOS.app */,
				795F207F27D60BA900A9B539 /* ChartsForiOSTests.xctest */,
				795F208927D60BA900A9B539 /* ChartsForiOSUITests.xctest */,
			);
			name = Products;
			sourceTree = "<group>";
		};
		795F207127D60BA800A9B539 /* ChartsForiOS */ = {
			isa = PBXGroup;
			children = (
				795F207227D60BA800A9B539 /* ChartsForiOSApp.swift */,
				795F207427D60BA800A9B539 /* ContentView.swift */,
				795F207627D60BA900A9B539 /* Assets.xcassets */,
				795F207827D60BA900A9B539 /* Preview Content */,
			);
			path = ChartsForiOS;
			sourceTree = "<group>";
		};
		795F207827D60BA900A9B539 /* Preview Content */ = {
			isa = PBXGroup;
			children = (
				795F207927D60BA900A9B539 /* Preview Assets.xcassets */,
			);
			path = "Preview Content";
			sourceTree = "<group>";
		};
		795F208227D60BA900A9B539 /* ChartsForiOSTests */ = {
			isa = PBXGroup;
			children = (
				795F208327D60BA900A9B539 /* ChartsForiOSTests.swift */,
			);
			path = ChartsForiOSTests;
			sourceTree = "<group>";
		};
		795F208C27D60BA900A9B539 /* ChartsForiOSUITests */ = {
			isa = PBXGroup;
			children = (
				795F208D27D60BA900A9B539 /* ChartsForiOSUITests.swift */,
				795F208F27D60BA900A9B539 /* ChartsForiOSUITestsLaunchTests.swift */,
			);
			path = ChartsForiOSUITests;
			sourceTree = "<group>";
		};
/* End PBXGroup section */

/* Begin PBXNativeTarget section */
		795F206E27D60BA800A9B539 /* ChartsForiOS */ = {
			isa = PBXNativeTarget;
			buildConfigurationList = 795F209327D60BA900A9B539 /* Build configuration list for PBXNativeTarget "ChartsForiOS" */;
			buildPhases = (
				795F206B27D60BA800A9B539 /* Sources */,
				795F206C27D60BA800A9B539 /* Frameworks */,
				795F206D27D60BA800A9B539 /* Resources */,
			);
			buildRules = (
			);
			dependencies = (
			);
			name = ChartsForiOS;
			productName = ChartsForiOS;
			productReference = 795F206F27D60BA800A9B539 /* ChartsForiOS.app */;
			productType = "com.apple.product-type.application";
		};
		795F207E27D60BA900A9B539 /* ChartsForiOSTests */ = {
			isa = PBXNativeTarget;
			buildConfigurationList = 795F209627D60BA900A9B539 /* Build configuration list for PBXNativeTarget "ChartsForiOSTests" */;
			buildPhases = (
				795F207B27D60BA900A9B539 /* Sources */,
				795F207C27D60BA900A9B539 /* Frameworks */,
				795F207D27D60BA900A9B539 /* Resources */,
			);
			buildRules = (
			);
			dependencies = (
				795F208127D60BA900A9B539 /* PBXTargetDependency */,
			);
			name = ChartsForiOSTests;
			productName = ChartsForiOSTests;
			productReference = 795F207F27D60BA900A9B539 /* ChartsForiOSTests.xctest */;
			productType = "com.apple.product-type.bundle.unit-test";
		};
		795F208827D60BA900A9B539 /* ChartsForiOSUITests */ = {
			isa = PBXNativeTarget;
			buildConfigurationList = 795F209927D60BA900A9B539 /* Build configuration list for PBXNativeTarget "ChartsForiOSUITests" */;
			buildPhases = (
				795F208527D60BA900A9B539 /* Sources */,
				795F208627D60BA900A9B539 /* Frameworks */,
				795F208727D60BA900A9B539 /* Resources */,
			);
			buildRules = (
			);
			dependencies = (
				795F208B27D60BA900A9B539 /* PBXTargetDependency */,
			);
			name = ChartsForiOSUITests;
			productName = ChartsForiOSUITests;
			productReference = 795F208927D60BA900A9B539 /* ChartsForiOSUITests.xctest */;
			productType = "com.apple.product-type.bundle.ui-testing";
		};
/* End PBXNativeTarget section */

/* Begin PBXProject section */
		795F206727D60BA700A9B539 /* Project object */ = {
			isa = PBXProject;
			attributes = {
				BuildIndependentTargetsInParallel = 1;
				LastSwiftUpdateCheck = 1320;
				LastUpgradeCheck = 1320;
				TargetAttributes = {
					795F206E27D60BA800A9B539 = {
						CreatedOnToolsVersion = 13.2.1;
					};
					795F207E27D60BA900A9B539 = {
						CreatedOnToolsVersion = 13.2.1;
						TestTargetID = 795F206E27D60BA800A9B539;
					};
					795F208827D60BA900A9B539 = {
						CreatedOnToolsVersion = 13.2.1;
						TestTargetID = 795F206E27D60BA800A9B539;
					};
				};
			};
			buildConfigurationList = 795F206A27D60BA700A9B539 /* Build configuration list for PBXProject "ChartsForiOS" */;
			compatibilityVersion = "Xcode 13.0";
			developmentRegion = en;
			hasScannedForEncodings = 0;
			knownRegions = (
				en,
				Base,
			);
			mainGroup = 795F206627D60BA700A9B539;
			productRefGroup = 795F207027D60BA800A9B539 /* Products */;
			projectDirPath = "";
			projectRoot = "";
			targets = (
				795F206E27D60BA800A9B539 /* ChartsForiOS */,
				795F207E27D60BA900A9B539 /* ChartsForiOSTests */,
				795F208827D60BA900A9B539 /* ChartsForiOSUITests */,
			);
		};
/* End PBXProject section */

/* Begin PBXResourcesBuildPhase section */
		795F206D27D60BA800A9B539 /* Resources */ = {
			isa = PBXResourcesBuildPhase;
			buildActionMask = 2147483647;
			files = (
				795F207A27D60BA900A9B539 /* Preview Assets.xcassets in Resources */,
				795F207727D60BA900A9B539 /* Assets.xcassets in Resources */,
			);
			runOnlyForDeploymentPostprocessing = 0;
		};
		795F207D27D60BA900A9B539 /* Resources */ = {
			isa = PBXResourcesBuildPhase;
			buildActionMask = 2147483647;
			files = (
			);
			runOnlyForDeploymentPostprocessing = 0;
		};
		795F208727D60BA900A9B539 /* Resources */ = {
			isa = PBXResourcesBuildPhase;
			buildActionMask = 2147483647;
			files = (
			);
			runOnlyForDeploymentPostprocessing = 0;
		};
/* End PBXResourcesBuildPhase section */

/* Begin PBXSourcesBuildPhase section */
		795F206B27D60BA800A9B539 /* Sources */ = {
			isa = PBXSourcesBuildPhase;
			buildActionMask = 2147483647;
			files = (
				795F207527D60BA800A9B539 /* ContentView.swift in Sources */,
				795F207327D60BA800A9B539 /* ChartsForiOSApp.swift in Sources */,
			);
			runOnlyForDeploymentPostprocessing = 0;
		};
		795F207B27D60BA900A9B539 /* Sources */ = {
			isa = PBXSourcesBuildPhase;
			buildActionMask = 2147483647;
			files = (
				795F208427D60BA900A9B539 /* ChartsForiOSTests.swift in Sources */,
			);
			runOnlyForDeploymentPostprocessing = 0;
		};
		795F208527D60BA900A9B539 /* Sources */ = {
			isa = PBXSourcesBuildPhase;
			buildActionMask = 2147483647;
			files = (
				795F208E27D60BA900A9B539 /* ChartsForiOSUITests.swift in Sources */,
				795F209027D60BA900A9B539 /* ChartsForiOSUITestsLaunchTests.swift in Sources */,
			);
			runOnlyForDeploymentPostprocessing = 0;
		};
/* End PBXSourcesBuildPhase section */

/* Begin PBXTargetDependency section */
		795F208127D60BA900A9B539 /* PBXTargetDependency */ = {
			isa = PBXTargetDependency;
			target = 795F206E27D60BA800A9B539 /* ChartsForiOS */;
			targetProxy = 795F208027D60BA900A9B539 /* PBXContainerItemProxy */;
		};
		795F208B27D60BA900A9B539 /* PBXTargetDependency */ = {
			isa = PBXTargetDependency;
			target = 795F206E27D60BA800A9B539 /* ChartsForiOS */;
			targetProxy = 795F208A27D60BA900A9B539 /* PBXContainerItemProxy */;
		};
/* End PBXTargetDependency section */

/* Begin XCBuildConfiguration section */
		795F209127D60BA900A9B539 /* Debug */ = {
			isa = XCBuildConfiguration;
			buildSettings = {
				ALWAYS_SEARCH_USER_PATHS = NO;
				CLANG_ANALYZER_NONNULL = YES;
				CLANG_ANALYZER_NUMBER_OBJECT_CONVERSION = YES_AGGRESSIVE;
				CLANG_CXX_LANGUAGE_STANDARD = "gnu++17";
				CLANG_CXX_LIBRARY = "libc++";
				CLANG_ENABLE_MODULES = YES;
				CLANG_ENABLE_OBJC_ARC = YES;
				CLANG_ENABLE_OBJC_WEAK = YES;
				CLANG_WARN_BLOCK_CAPTURE_AUTORELEASING = YES;
				CLANG_WARN_BOOL_CONVERSION = YES;
				CLANG_WARN_COMMA = YES;
				CLANG_WARN_CONSTANT_CONVERSION = YES;
				CLANG_WARN_DEPRECATED_OBJC_IMPLEMENTATIONS = YES;
				CLANG_WARN_DIRECT_OBJC_ISA_USAGE = YES_ERROR;
				CLANG_WARN_DOCUMENTATION_COMMENTS = YES;
				CLANG_WARN_EMPTY_BODY = YES;
				CLANG_WARN_ENUM_CONVERSION = YES;
				CLANG_WARN_INFINITE_RECURSION = YES;
				CLANG_WARN_INT_CONVERSION = YES;
				CLANG_WARN_NON_LITERAL_NULL_CONVERSION = YES;
				CLANG_WARN_OBJC_IMPLICIT_RETAIN_SELF = YES;
				CLANG_WARN_OBJC_LITERAL_CONVERSION = YES;
				CLANG_WARN_OBJC_ROOT_CLASS = YES_ERROR;
				CLANG_WARN_QUOTED_INCLUDE_IN_FRAMEWORK_HEADER = YES;
				CLANG_WARN_RANGE_LOOP_ANALYSIS = YES;
				CLANG_WARN_STRICT_PROTOTYPES = YES;
				CLANG_WARN_SUSPICIOUS_MOVE = YES;
				CLANG_WARN_UNGUARDED_AVAILABILITY = YES_AGGRESSIVE;
				CLANG_WARN_UNREACHABLE_CODE = YES;
				CLANG_WARN__DUPLICATE_METHOD_MATCH = YES;
				COPY_PHASE_STRIP = NO;
				DEBUG_INFORMATION_FORMAT = dwarf;
				ENABLE_STRICT_OBJC_MSGSEND = YES;
				ENABLE_TESTABILITY = YES;
				GCC_C_LANGUAGE_STANDARD = gnu11;
				GCC_DYNAMIC_NO_PIC = NO;
				GCC_NO_COMMON_BLOCKS = YES;
				GCC_OPTIMIZATION_LEVEL = 0;
				GCC_PREPROCESSOR_DEFINITIONS = (
					"DEBUG=1",
					"$(inherited)",
				);
				GCC_WARN_64_TO_32_BIT_CONVERSION = YES;
				GCC_WARN_ABOUT_RETURN_TYPE = YES_ERROR;
				GCC_WARN_UNDECLARED_SELECTOR = YES;
				GCC_WARN_UNINITIALIZED_AUTOS = YES_AGGRESSIVE;
				GCC_WARN_UNUSED_FUNCTION = YES;
				GCC_WARN_UNUSED_VARIABLE = YES;
				IPHONEOS_DEPLOYMENT_TARGET = 15.2;
				MTL_ENABLE_DEBUG_INFO = INCLUDE_SOURCE;
				MTL_FAST_MATH = YES;
				ONLY_ACTIVE_ARCH = YES;
				SDKROOT = iphoneos;
				SWIFT_ACTIVE_COMPILATION_CONDITIONS = DEBUG;
				SWIFT_OPTIMIZATION_LEVEL = "-Onone";
			};
			name = Debug;
		};
		795F209227D60BA900A9B539 /* Release */ = {
			isa = XCBuildConfiguration;
			buildSettings = {
				ALWAYS_SEARCH_USER_PATHS = NO;
				CLANG_ANALYZER_NONNULL = YES;
				CLANG_ANALYZER_NUMBER_OBJECT_CONVERSION = YES_AGGRESSIVE;
				CLANG_CXX_LANGUAGE_STANDARD = "gnu++17";
				CLANG_CXX_LIBRARY = "libc++";
				CLANG_ENABLE_MODULES = YES;
				CLANG_ENABLE_OBJC_ARC = YES;
				CLANG_ENABLE_OBJC_WEAK = YES;
				CLANG_WARN_BLOCK_CAPTURE_AUTORELEASING = YES;
				CLANG_WARN_BOOL_CONVERSION = YES;
				CLANG_WARN_COMMA = YES;
				CLANG_WARN_CONSTANT_CONVERSION = YES;
				CLANG_WARN_DEPRECATED_OBJC_IMPLEMENTATIONS = YES;
				CLANG_WARN_DIRECT_OBJC_ISA_USAGE = YES_ERROR;
				CLANG_WARN_DOCUMENTATION_COMMENTS = YES;
				CLANG_WARN_EMPTY_BODY = YES;
				CLANG_WARN_ENUM_CONVERSION = YES;
				CLANG_WARN_INFINITE_RECURSION = YES;
				CLANG_WARN_INT_CONVERSION = YES;
				CLANG_WARN_NON_LITERAL_NULL_CONVERSION = YES;
				CLANG_WARN_OBJC_IMPLICIT_RETAIN_SELF = YES;
				CLANG_WARN_OBJC_LITERAL_CONVERSION = YES;
				CLANG_WARN_OBJC_ROOT_CLASS = YES_ERROR;
				CLANG_WARN_QUOTED_INCLUDE_IN_FRAMEWORK_HEADER = YES;
				CLANG_WARN_RANGE_LOOP_ANALYSIS = YES;
				CLANG_WARN_STRICT_PROTOTYPES = YES;
				CLANG_WARN_SUSPICIOUS_MOVE = YES;
				CLANG_WARN_UNGUARDED_AVAILABILITY = YES_AGGRESSIVE;
				CLANG_WARN_UNREACHABLE_CODE = YES;
				CLANG_WARN__DUPLICATE_METHOD_MATCH = YES;
				COPY_PHASE_STRIP = NO;
				DEBUG_INFORMATION_FORMAT = "dwarf-with-dsym";
				ENABLE_NS_ASSERTIONS = NO;
				ENABLE_STRICT_OBJC_MSGSEND = YES;
				GCC_C_LANGUAGE_STANDARD = gnu11;
				GCC_NO_COMMON_BLOCKS = YES;
				GCC_WARN_64_TO_32_BIT_CONVERSION = YES;
				GCC_WARN_ABOUT_RETURN_TYPE = YES_ERROR;
				GCC_WARN_UNDECLARED_SELECTOR = YES;
				GCC_WARN_UNINITIALIZED_AUTOS = YES_AGGRESSIVE;
				GCC_WARN_UNUSED_FUNCTION = YES;
				GCC_WARN_UNUSED_VARIABLE = YES;
				IPHONEOS_DEPLOYMENT_TARGET = 15.2;
				MTL_ENABLE_DEBUG_INFO = NO;
				MTL_FAST_MATH = YES;
				SDKROOT = iphoneos;
				SWIFT_COMPILATION_MODE = wholemodule;
				SWIFT_OPTIMIZATION_LEVEL = "-O";
				VALIDATE_PRODUCT = YES;
			};
			name = Release;
		};
		795F209427D60BA900A9B539 /* Debug */ = {
			isa = XCBuildConfiguration;
			buildSettings = {
				ASSETCATALOG_COMPILER_APPICON_NAME = AppIcon;
				ASSETCATALOG_COMPILER_GLOBAL_ACCENT_COLOR_NAME = AccentColor;
				CODE_SIGN_STYLE = Automatic;
				CURRENT_PROJECT_VERSION = 1;
				DEVELOPMENT_ASSET_PATHS = "\"ChartsForiOS/Preview Content\"";
				DEVELOPMENT_TEAM = FHBJTCA4K5;
				ENABLE_PREVIEWS = YES;
				GENERATE_INFOPLIST_FILE = YES;
				INFOPLIST_KEY_UIApplicationSceneManifest_Generation = YES;
				INFOPLIST_KEY_UIApplicationSupportsIndirectInputEvents = YES;
				INFOPLIST_KEY_UILaunchScreen_Generation = YES;
				INFOPLIST_KEY_UISupportedInterfaceOrientations_iPad = "UIInterfaceOrientationPortrait UIInterfaceOrientationPortraitUpsideDown UIInterfaceOrientationLandscapeLeft UIInterfaceOrientationLandscapeRight";
				INFOPLIST_KEY_UISupportedInterfaceOrientations_iPhone = "UIInterfaceOrientationPortrait UIInterfaceOrientationLandscapeLeft UIInterfaceOrientationLandscapeRight";
				LD_RUNPATH_SEARCH_PATHS = (
					"$(inherited)",
					"@executable_path/Frameworks",
				);
				MARKETING_VERSION = 1.0;
				PRODUCT_BUNDLE_IDENTIFIER = com.aliawami.ChartsForiOS;
				PRODUCT_NAME = "$(TARGET_NAME)";
				SWIFT_EMIT_LOC_STRINGS = YES;
				SWIFT_VERSION = 5.0;
				TARGETED_DEVICE_FAMILY = "1,2";
			};
			name = Debug;
		};
		795F209527D60BA900A9B539 /* Release */ = {
			isa = XCBuildConfiguration;
			buildSettings = {
				ASSETCATALOG_COMPILER_APPICON_NAME = AppIcon;
				ASSETCATALOG_COMPILER_GLOBAL_ACCENT_COLOR_NAME = AccentColor;
				CODE_SIGN_STYLE = Automatic;
				CURRENT_PROJECT_VERSION = 1;
				DEVELOPMENT_ASSET_PATHS = "\"ChartsForiOS/Preview Content\"";
				DEVELOPMENT_TEAM = FHBJTCA4K5;
				ENABLE_PREVIEWS = YES;
				GENERATE_INFOPLIST_FILE = YES;
				INFOPLIST_KEY_UIApplicationSceneManifest_Generation = YES;
				INFOPLIST_KEY_UIApplicationSupportsIndirectInputEvents = YES;
				INFOPLIST_KEY_UILaunchScreen_Generation = YES;
				INFOPLIST_KEY_UISupportedInterfaceOrientations_iPad = "UIInterfaceOrientationPortrait UIInterfaceOrientationPortraitUpsideDown UIInterfaceOrientationLandscapeLeft UIInterfaceOrientationLandscapeRight";
				INFOPLIST_KEY_UISupportedInterfaceOrientations_iPhone = "UIInterfaceOrientationPortrait UIInterfaceOrientationLandscapeLeft UIInterfaceOrientationLandscapeRight";
				LD_RUNPATH_SEARCH_PATHS = (
					"$(inherited)",
					"@executable_path/Frameworks",
				);
				MARKETING_VERSION = 1.0;
				PRODUCT_BUNDLE_IDENTIFIER = com.aliawami.ChartsForiOS;
				PRODUCT_NAME = "$(TARGET_NAME)";
				SWIFT_EMIT_LOC_STRINGS = YES;
				SWIFT_VERSION = 5.0;
				TARGETED_DEVICE_FAMILY = "1,2";
			};
			name = Release;
		};
		795F209727D60BA900A9B539 /* Debug */ = {
			isa = XCBuildConfiguration;
			buildSettings = {
				ALWAYS_EMBED_SWIFT_STANDARD_LIBRARIES = YES;
				BUNDLE_LOADER = "$(TEST_HOST)";
				CODE_SIGN_STYLE = Automatic;
				CURRENT_PROJECT_VERSION = 1;
				DEVELOPMENT_TEAM = FHBJTCA4K5;
				GENERATE_INFOPLIST_FILE = YES;
				IPHONEOS_DEPLOYMENT_TARGET = 15.2;
				MARKETING_VERSION = 1.0;
				PRODUCT_BUNDLE_IDENTIFIER = com.aliawami.ChartsForiOSTests;
				PRODUCT_NAME = "$(TARGET_NAME)";
				SWIFT_EMIT_LOC_STRINGS = NO;
				SWIFT_VERSION = 5.0;
				TARGETED_DEVICE_FAMILY = "1,2";
				TEST_HOST = "$(BUILT_PRODUCTS_DIR)/ChartsForiOS.app/ChartsForiOS";
			};
			name = Debug;
		};
		795F209827D60BA900A9B539 /* Release */ = {
			isa = XCBuildConfiguration;
			buildSettings = {
				ALWAYS_EMBED_SWIFT_STANDARD_LIBRARIES = YES;
				BUNDLE_LOADER = "$(TEST_HOST)";
				CODE_SIGN_STYLE = Automatic;
				CURRENT_PROJECT_VERSION = 1;
				DEVELOPMENT_TEAM = FHBJTCA4K5;
				GENERATE_INFOPLIST_FILE = YES;
				IPHONEOS_DEPLOYMENT_TARGET = 15.2;
				MARKETING_VERSION = 1.0;
				PRODUCT_BUNDLE_IDENTIFIER = com.aliawami.ChartsForiOSTests;
				PRODUCT_NAME = "$(TARGET_NAME)";
				SWIFT_EMIT_LOC_STRINGS = NO;
				SWIFT_VERSION = 5.0;
				TARGETED_DEVICE_FAMILY = "1,2";
				TEST_HOST = "$(BUILT_PRODUCTS_DIR)/ChartsForiOS.app/ChartsForiOS";
			};
			name = Release;
		};
		795F209A27D60BA900A9B539 /* Debug */ = {
			isa = XCBuildConfiguration;
			buildSettings = {
				ALWAYS_EMBED_SWIFT_STANDARD_LIBRARIES = YES;
				CODE_SIGN_STYLE = Automatic;
				CURRENT_PROJECT_VERSION = 1;
				DEVELOPMENT_TEAM = FHBJTCA4K5;
				GENERATE_INFOPLIST_FILE = YES;
				MARKETING_VERSION = 1.0;
				PRODUCT_BUNDLE_IDENTIFIER = com.aliawami.ChartsForiOSUITests;
				PRODUCT_NAME = "$(TARGET_NAME)";
				SWIFT_EMIT_LOC_STRINGS = NO;
				SWIFT_VERSION = 5.0;
				TARGETED_DEVICE_FAMILY = "1,2";
				TEST_TARGET_NAME = ChartsForiOS;
			};
			name = Debug;
		};
		795F209B27D60BA900A9B539 /* Release */ = {
			isa = XCBuildConfiguration;
			buildSettings = {
				ALWAYS_EMBED_SWIFT_STANDARD_LIBRARIES = YES;
				CODE_SIGN_STYLE = Automatic;
				CURRENT_PROJECT_VERSION = 1;
				DEVELOPMENT_TEAM = FHBJTCA4K5;
				GENERATE_INFOPLIST_FILE = YES;
				MARKETING_VERSION = 1.0;
				PRODUCT_BUNDLE_IDENTIFIER = com.aliawami.ChartsForiOSUITests;
				PRODUCT_NAME = "$(TARGET_NAME)";
				SWIFT_EMIT_LOC_STRINGS = NO;
				SWIFT_VERSION = 5.0;
				TARGETED_DEVICE_FAMILY = "1,2";
				TEST_TARGET_NAME = ChartsForiOS;
			};
			name = Release;
		};
/* End XCBuildConfiguration section */

/* Begin XCConfigurationList section */
		795F206A27D60BA700A9B539 /* Build configuration list for PBXProject "ChartsForiOS" */ = {
			isa = XCConfigurationList;
			buildConfigurations = (
				795F209127D60BA900A9B539 /* Debug */,
				795F209227D60BA900A9B539 /* Release */,
			);
			defaultConfigurationIsVisible = 0;
			defaultConfigurationName = Release;
		};
		795F209327D60BA900A9B539 /* Build configuration list for PBXNativeTarget "ChartsForiOS" */ = {
			isa = XCConfigurationList;
			buildConfigurations = (
				795F209427D60BA900A9B539 /* Debug */,
				795F209527D60BA900A9B539 /* Release */,
			);
			defaultConfigurationIsVisible = 0;
			defaultConfigurationName = Release;
		};
		795F209627D60BA900A9B539 /* Build configuration list for PBXNativeTarget "ChartsForiOSTests" */ = {
			isa = XCConfigurationList;
			buildConfigurations = (
				795F209727D60BA900A9B539 /* Debug */,
				795F209827D60BA900A9B539 /* Release */,
			);
			defaultConfigurationIsVisible = 0;
			defaultConfigurationName = Release;
		};
		795F209927D60BA900A9B539 /* Build configuration list for PBXNativeTarget "ChartsForiOSUITests" */ = {
			isa = XCConfigurationList;
			buildConfigurations = (
				795F209A27D60BA900A9B539 /* Debug */,
				795F209B27D60BA900A9B539 /* Release */,
			);
			defaultConfigurationIsVisible = 0;
			defaultConfigurationName = Release;
		};
/* End XCConfigurationList section */
	};
	rootObject = 795F206727D60BA700A9B539 /* Project object */;
}
