// !$*UTF8*$!
{
	archiveVersion = 1;
	classes = {
	};
	objectVersion = 55;
	objects = {

/* Begin PBXBuildFile section */
		052C0E3ABDAC33DE2FE3DFAF /* Pods_ChartsForiOS_ChartsForiOSUITests.framework in Frameworks */ = {isa = PBXBuildFile; fileRef = 8E6DC7E2691F090CF3D79FA3 /* Pods_ChartsForiOS_ChartsForiOSUITests.framework */; };
		2AA3E7FE1B3C4A1992D32D90 /* Pods_ChartsForiOS.framework in Frameworks */ = {isa = PBXBuildFile; fileRef = E6DC4047E8604A81727D4A13 /* Pods_ChartsForiOS.framework */; };
		47CDD6B20582CFF6493CF5F7 /* Pods_ChartsForiOSTests.framework in Frameworks */ = {isa = PBXBuildFile; fileRef = 746222AAA3F76EAE497781C7 /* Pods_ChartsForiOSTests.framework */; };
		795F207327D60BA800A9B539 /* ChartsForiOSApp.swift in Sources */ = {isa = PBXBuildFile; fileRef = 795F207227D60BA800A9B539 /* ChartsForiOSApp.swift */; };
		795F207527D60BA800A9B539 /* ContentView.swift in Sources */ = {isa = PBXBuildFile; fileRef = 795F207427D60BA800A9B539 /* ContentView.swift */; };
		795F207727D60BA900A9B539 /* Assets.xcassets in Resources */ = {isa = PBXBuildFile; fileRef = 795F207627D60BA900A9B539 /* Assets.xcassets */; };
		795F207A27D60BA900A9B539 /* Preview Assets.xcassets in Resources */ = {isa = PBXBuildFile; fileRef = 795F207927D60BA900A9B539 /* Preview Assets.xcassets */; };
		795F208427D60BA900A9B539 /* ChartsForiOSTests.swift in Sources */ = {isa = PBXBuildFile; fileRef = 795F208327D60BA900A9B539 /* ChartsForiOSTests.swift */; };
		795F208E27D60BA900A9B539 /* ChartsForiOSUITests.swift in Sources */ = {isa = PBXBuildFile; fileRef = 795F208D27D60BA900A9B539 /* ChartsForiOSUITests.swift */; };
		795F209027D60BA900A9B539 /* ChartsForiOSUITestsLaunchTests.swift in Sources */ = {isa = PBXBuildFile; fileRef = 795F208F27D60BA900A9B539 /* ChartsForiOSUITestsLaunchTests.swift */; };
		795F20AD27D60C9C00A9B539 /* BubbleChartViewResponse.swift in Sources */ = {isa = PBXBuildFile; fileRef = 795F209E27D60C9C00A9B539 /* BubbleChartViewResponse.swift */; };
		795F20AE27D60C9C00A9B539 /* RadarChartViewResponse.swift in Sources */ = {isa = PBXBuildFile; fileRef = 795F209F27D60C9C00A9B539 /* RadarChartViewResponse.swift */; };
		795F20AF27D60C9C00A9B539 /* ScatterChartViewResponse.swift in Sources */ = {isa = PBXBuildFile; fileRef = 795F20A027D60C9C00A9B539 /* ScatterChartViewResponse.swift */; };
		795F20B027D60C9C00A9B539 /* CandleStickChartViewResponse.swift in Sources */ = {isa = PBXBuildFile; fileRef = 795F20A127D60C9C00A9B539 /* CandleStickChartViewResponse.swift */; };
		795F20B127D60C9C00A9B539 /* HorizontalBarChartViewResponse.swift in Sources */ = {isa = PBXBuildFile; fileRef = 795F20A227D60C9C00A9B539 /* HorizontalBarChartViewResponse.swift */; };
		795F20B227D60C9C00A9B539 /* CombinedChartViewResponse.swift in Sources */ = {isa = PBXBuildFile; fileRef = 795F20A327D60C9C00A9B539 /* CombinedChartViewResponse.swift */; };
		795F20B327D60C9C00A9B539 /* PieChartViewResponse.swift in Sources */ = {isa = PBXBuildFile; fileRef = 795F20A427D60C9C00A9B539 /* PieChartViewResponse.swift */; };
		795F20B427D60C9C00A9B539 /* BarChartViewResponse.swift in Sources */ = {isa = PBXBuildFile; fileRef = 795F20A527D60C9C00A9B539 /* BarChartViewResponse.swift */; };
		795F20B527D60C9C00A9B539 /* ChartLineView.swift in Sources */ = {isa = PBXBuildFile; fileRef = 795F20A727D60C9C00A9B539 /* ChartLineView.swift */; };
		795F20B627D60C9C00A9B539 /* ChartPieView.swift in Sources */ = {isa = PBXBuildFile; fileRef = 795F20A827D60C9C00A9B539 /* ChartPieView.swift */; };
		795F20B827D60C9C00A9B539 /* ChartMainview.swift in Sources */ = {isa = PBXBuildFile; fileRef = 795F20AA27D60C9C00A9B539 /* ChartMainview.swift */; };
		795F20B927D60C9C00A9B539 /* ChartsColors.swift in Sources */ = {isa = PBXBuildFile; fileRef = 795F20AC27D60C9C00A9B539 /* ChartsColors.swift */; };
		795F20BD27D6124C00A9B539 /* ChartsBarView.swift in Sources */ = {isa = PBXBuildFile; fileRef = 795F20BC27D6124C00A9B539 /* ChartsBarView.swift */; };
		795F20BF27D6129E00A9B539 /* ChartRadarView.swift in Sources */ = {isa = PBXBuildFile; fileRef = 795F20BE27D6129E00A9B539 /* ChartRadarView.swift */; };
		795F20C127D6137100A9B539 /* ChartScatterView.swift in Sources */ = {isa = PBXBuildFile; fileRef = 795F20C027D6137100A9B539 /* ChartScatterView.swift */; };
		795F20C327D6138000A9B539 /* ChartCandleStickChart.swift in Sources */ = {isa = PBXBuildFile; fileRef = 795F20C227D6138000A9B539 /* ChartCandleStickChart.swift */; };
		795F20C927D613ED00A9B539 /* ChartBubblesView.swift in Sources */ = {isa = PBXBuildFile; fileRef = 795F20C827D613ED00A9B539 /* ChartBubblesView.swift */; };
		795F20CD27D6157700A9B539 /* LineChartViewResponse.swift in Sources */ = {isa = PBXBuildFile; fileRef = 795F20CC27D6157700A9B539 /* LineChartViewResponse.swift */; };
		795F20D127D6278400A9B539 /* ChartHBarView.swift in Sources */ = {isa = PBXBuildFile; fileRef = 795F20D027D6278400A9B539 /* ChartHBarView.swift */; };
		795F20D327D62B7300A9B539 /* CommonChartViewResponce.swift in Sources */ = {isa = PBXBuildFile; fileRef = 795F20D227D62B7300A9B539 /* CommonChartViewResponce.swift */; };
		795F20D527D62BC000A9B539 /* ChartCommonView.swift in Sources */ = {isa = PBXBuildFile; fileRef = 795F20D427D62BC000A9B539 /* ChartCommonView.swift */; };
		795F20D727D73B8000A9B539 /* Dashboard.swift in Sources */ = {isa = PBXBuildFile; fileRef = 795F20D627D73B8000A9B539 /* Dashboard.swift */; };
		795F20D927D75A7800A9B539 /* MultiViewDashboard.swift in Sources */ = {isa = PBXBuildFile; fileRef = 795F20D827D75A7800A9B539 /* MultiViewDashboard.swift */; };
		795F20DB27D77D2900A9B539 /* ChartCustomizatedView.swift in Sources */ = {isa = PBXBuildFile; fileRef = 795F20DA27D77D2900A9B539 /* ChartCustomizatedView.swift */; };
		795F20DD27D879BE00A9B539 /* ChartCollectionView.swift in Sources */ = {isa = PBXBuildFile; fileRef = 795F20DC27D879BD00A9B539 /* ChartCollectionView.swift */; };
		795F20DF27D89A3600A9B539 /* ChartCombinView.swift in Sources */ = {isa = PBXBuildFile; fileRef = 795F20DE27D89A3600A9B539 /* ChartCombinView.swift */; };
		795F20E127D8AEAA00A9B539 /* ChartCollectionMainView.swift in Sources */ = {isa = PBXBuildFile; fileRef = 795F20E027D8AEAA00A9B539 /* ChartCollectionMainView.swift */; };
		795F20E327D8D53900A9B539 /* FlipEffect.swift in Sources */ = {isa = PBXBuildFile; fileRef = 795F20E227D8D53900A9B539 /* FlipEffect.swift */; };
		795F20E527D8D57300A9B539 /* CustomizeChartView.swift in Sources */ = {isa = PBXBuildFile; fileRef = 795F20E427D8D57300A9B539 /* CustomizeChartView.swift */; };
		795F20E727D9BDEA00A9B539 /* ChartCustomizationView.swift in Sources */ = {isa = PBXBuildFile; fileRef = 795F20E627D9BDEA00A9B539 /* ChartCustomizationView.swift */; };
/* End PBXBuildFile section */

/* Begin PBXContainerItemProxy section */
		795F208027D60BA900A9B539 /* PBXContainerItemProxy */ = {
			isa = PBXContainerItemProxy;
			containerPortal = 795F206727D60BA700A9B539 /* Project object */;
			proxyType = 1;
			remoteGlobalIDString = 795F206E27D60BA800A9B539;
			remoteInfo = ChartsForiOS;
		};
		795F208A27D60BA900A9B539 /* PBXContainerItemProxy */ = {
			isa = PBXContainerItemProxy;
			containerPortal = 795F206727D60BA700A9B539 /* Project object */;
			proxyType = 1;
			remoteGlobalIDString = 795F206E27D60BA800A9B539;
			remoteInfo = ChartsForiOS;
		};
/* End PBXContainerItemProxy section */

/* Begin PBXFileReference section */
		16E2C0E4EF3A493DF89A3B79 /* Pods-ChartsForiOS.debug.xcconfig */ = {isa = PBXFileReference; includeInIndex = 1; lastKnownFileType = text.xcconfig; name = "Pods-ChartsForiOS.debug.xcconfig"; path = "Target Support Files/Pods-ChartsForiOS/Pods-ChartsForiOS.debug.xcconfig"; sourceTree = "<group>"; };
		746222AAA3F76EAE497781C7 /* Pods_ChartsForiOSTests.framework */ = {isa = PBXFileReference; explicitFileType = wrapper.framework; includeInIndex = 0; path = Pods_ChartsForiOSTests.framework; sourceTree = BUILT_PRODUCTS_DIR; };
		795F206F27D60BA800A9B539 /* ChartsForiOS.app */ = {isa = PBXFileReference; explicitFileType = wrapper.application; includeInIndex = 0; path = ChartsForiOS.app; sourceTree = BUILT_PRODUCTS_DIR; };
		795F207227D60BA800A9B539 /* ChartsForiOSApp.swift */ = {isa = PBXFileReference; lastKnownFileType = sourcecode.swift; path = ChartsForiOSApp.swift; sourceTree = "<group>"; };
		795F207427D60BA800A9B539 /* ContentView.swift */ = {isa = PBXFileReference; lastKnownFileType = sourcecode.swift; path = ContentView.swift; sourceTree = "<group>"; };
		795F207627D60BA900A9B539 /* Assets.xcassets */ = {isa = PBXFileReference; lastKnownFileType = folder.assetcatalog; path = Assets.xcassets; sourceTree = "<group>"; };
		795F207927D60BA900A9B539 /* Preview Assets.xcassets */ = {isa = PBXFileReference; lastKnownFileType = folder.assetcatalog; path = "Preview Assets.xcassets"; sourceTree = "<group>"; };
		795F207F27D60BA900A9B539 /* ChartsForiOSTests.xctest */ = {isa = PBXFileReference; explicitFileType = wrapper.cfbundle; includeInIndex = 0; path = ChartsForiOSTests.xctest; sourceTree = BUILT_PRODUCTS_DIR; };
		795F208327D60BA900A9B539 /* ChartsForiOSTests.swift */ = {isa = PBXFileReference; lastKnownFileType = sourcecode.swift; path = ChartsForiOSTests.swift; sourceTree = "<group>"; };
		795F208927D60BA900A9B539 /* ChartsForiOSUITests.xctest */ = {isa = PBXFileReference; explicitFileType = wrapper.cfbundle; includeInIndex = 0; path = ChartsForiOSUITests.xctest; sourceTree = BUILT_PRODUCTS_DIR; };
		795F208D27D60BA900A9B539 /* ChartsForiOSUITests.swift */ = {isa = PBXFileReference; lastKnownFileType = sourcecode.swift; path = ChartsForiOSUITests.swift; sourceTree = "<group>"; };
		795F208F27D60BA900A9B539 /* ChartsForiOSUITestsLaunchTests.swift */ = {isa = PBXFileReference; lastKnownFileType = sourcecode.swift; path = ChartsForiOSUITestsLaunchTests.swift; sourceTree = "<group>"; };
		795F209E27D60C9C00A9B539 /* BubbleChartViewResponse.swift */ = {isa = PBXFileReference; fileEncoding = 4; lastKnownFileType = sourcecode.swift; path = BubbleChartViewResponse.swift; sourceTree = "<group>"; };
		795F209F27D60C9C00A9B539 /* RadarChartViewResponse.swift */ = {isa = PBXFileReference; fileEncoding = 4; lastKnownFileType = sourcecode.swift; path = RadarChartViewResponse.swift; sourceTree = "<group>"; };
		795F20A027D60C9C00A9B539 /* ScatterChartViewResponse.swift */ = {isa = PBXFileReference; fileEncoding = 4; lastKnownFileType = sourcecode.swift; path = ScatterChartViewResponse.swift; sourceTree = "<group>"; };
		795F20A127D60C9C00A9B539 /* CandleStickChartViewResponse.swift */ = {isa = PBXFileReference; fileEncoding = 4; lastKnownFileType = sourcecode.swift; path = CandleStickChartViewResponse.swift; sourceTree = "<group>"; };
		795F20A227D60C9C00A9B539 /* HorizontalBarChartViewResponse.swift */ = {isa = PBXFileReference; fileEncoding = 4; lastKnownFileType = sourcecode.swift; path = HorizontalBarChartViewResponse.swift; sourceTree = "<group>"; };
		795F20A327D60C9C00A9B539 /* CombinedChartViewResponse.swift */ = {isa = PBXFileReference; fileEncoding = 4; lastKnownFileType = sourcecode.swift; path = CombinedChartViewResponse.swift; sourceTree = "<group>"; };
		795F20A427D60C9C00A9B539 /* PieChartViewResponse.swift */ = {isa = PBXFileReference; fileEncoding = 4; lastKnownFileType = sourcecode.swift; path = PieChartViewResponse.swift; sourceTree = "<group>"; };
		795F20A527D60C9C00A9B539 /* BarChartViewResponse.swift */ = {isa = PBXFileReference; fileEncoding = 4; lastKnownFileType = sourcecode.swift; path = BarChartViewResponse.swift; sourceTree = "<group>"; };
		795F20A727D60C9C00A9B539 /* ChartLineView.swift */ = {isa = PBXFileReference; fileEncoding = 4; lastKnownFileType = sourcecode.swift; path = ChartLineView.swift; sourceTree = "<group>"; };
		795F20A827D60C9C00A9B539 /* ChartPieView.swift */ = {isa = PBXFileReference; fileEncoding = 4; lastKnownFileType = sourcecode.swift; path = ChartPieView.swift; sourceTree = "<group>"; };
		795F20AA27D60C9C00A9B539 /* ChartMainview.swift */ = {isa = PBXFileReference; fileEncoding = 4; lastKnownFileType = sourcecode.swift; path = ChartMainview.swift; sourceTree = "<group>"; };
		795F20AC27D60C9C00A9B539 /* ChartsColors.swift */ = {isa = PBXFileReference; fileEncoding = 4; lastKnownFileType = sourcecode.swift; path = ChartsColors.swift; sourceTree = "<group>"; };
		795F20BC27D6124C00A9B539 /* ChartsBarView.swift */ = {isa = PBXFileReference; lastKnownFileType = sourcecode.swift; path = ChartsBarView.swift; sourceTree = "<group>"; };
		795F20BE27D6129E00A9B539 /* ChartRadarView.swift */ = {isa = PBXFileReference; lastKnownFileType = sourcecode.swift; path = ChartRadarView.swift; sourceTree = "<group>"; };
		795F20C027D6137100A9B539 /* ChartScatterView.swift */ = {isa = PBXFileReference; lastKnownFileType = sourcecode.swift; path = ChartScatterView.swift; sourceTree = "<group>"; };
		795F20C227D6138000A9B539 /* ChartCandleStickChart.swift */ = {isa = PBXFileReference; lastKnownFileType = sourcecode.swift; path = ChartCandleStickChart.swift; sourceTree = "<group>"; };
		795F20C827D613ED00A9B539 /* ChartBubblesView.swift */ = {isa = PBXFileReference; lastKnownFileType = sourcecode.swift; path = ChartBubblesView.swift; sourceTree = "<group>"; };
		795F20CC27D6157700A9B539 /* LineChartViewResponse.swift */ = {isa = PBXFileReference; lastKnownFileType = sourcecode.swift; path = LineChartViewResponse.swift; sourceTree = "<group>"; };
		795F20D027D6278400A9B539 /* ChartHBarView.swift */ = {isa = PBXFileReference; lastKnownFileType = sourcecode.swift; path = ChartHBarView.swift; sourceTree = "<group>"; };
		795F20D227D62B7300A9B539 /* CommonChartViewResponce.swift */ = {isa = PBXFileReference; lastKnownFileType = sourcecode.swift; path = CommonChartViewResponce.swift; sourceTree = "<group>"; };
		795F20D427D62BC000A9B539 /* ChartCommonView.swift */ = {isa = PBXFileReference; lastKnownFileType = sourcecode.swift; path = ChartCommonView.swift; sourceTree = "<group>"; };
		795F20D627D73B8000A9B539 /* Dashboard.swift */ = {isa = PBXFileReference; lastKnownFileType = sourcecode.swift; path = Dashboard.swift; sourceTree = "<group>"; };
		795F20D827D75A7800A9B539 /* MultiViewDashboard.swift */ = {isa = PBXFileReference; lastKnownFileType = sourcecode.swift; path = MultiViewDashboard.swift; sourceTree = "<group>"; };
		795F20DA27D77D2900A9B539 /* ChartCustomizatedView.swift */ = {isa = PBXFileReference; lastKnownFileType = sourcecode.swift; path = ChartCustomizatedView.swift; sourceTree = "<group>"; };
		795F20DC27D879BD00A9B539 /* ChartCollectionView.swift */ = {isa = PBXFileReference; lastKnownFileType = sourcecode.swift; path = ChartCollectionView.swift; sourceTree = "<group>"; };
		795F20DE27D89A3600A9B539 /* ChartCombinView.swift */ = {isa = PBXFileReference; lastKnownFileType = sourcecode.swift; path = ChartCombinView.swift; sourceTree = "<group>"; };
		795F20E027D8AEAA00A9B539 /* ChartCollectionMainView.swift */ = {isa = PBXFileReference; lastKnownFileType = sourcecode.swift; path = ChartCollectionMainView.swift; sourceTree = "<group>"; };
		795F20E227D8D53900A9B539 /* FlipEffect.swift */ = {isa = PBXFileReference; lastKnownFileType = sourcecode.swift; path = FlipEffect.swift; sourceTree = "<group>"; };
		795F20E427D8D57300A9B539 /* CustomizeChartView.swift */ = {isa = PBXFileReference; lastKnownFileType = sourcecode.swift; path = CustomizeChartView.swift; sourceTree = "<group>"; };
		795F20E627D9BDEA00A9B539 /* ChartCustomizationView.swift */ = {isa = PBXFileReference; lastKnownFileType = sourcecode.swift; path = ChartCustomizationView.swift; sourceTree = "<group>"; };
		8E6DC7E2691F090CF3D79FA3 /* Pods_ChartsForiOS_ChartsForiOSUITests.framework */ = {isa = PBXFileReference; explicitFileType = wrapper.framework; includeInIndex = 0; path = Pods_ChartsForiOS_ChartsForiOSUITests.framework; sourceTree = BUILT_PRODUCTS_DIR; };
		915DF7655D50D9435F62CE7F /* Pods-ChartsForiOS-ChartsForiOSUITests.debug.xcconfig */ = {isa = PBXFileReference; includeInIndex = 1; lastKnownFileType = text.xcconfig; name = "Pods-ChartsForiOS-ChartsForiOSUITests.debug.xcconfig"; path = "Target Support Files/Pods-ChartsForiOS-ChartsForiOSUITests/Pods-ChartsForiOS-ChartsForiOSUITests.debug.xcconfig"; sourceTree = "<group>"; };
		A0B058BFA7C6B37A397E41AF /* Pods-ChartsForiOSTests.release.xcconfig */ = {isa = PBXFileReference; includeInIndex = 1; lastKnownFileType = text.xcconfig; name = "Pods-ChartsForiOSTests.release.xcconfig"; path = "Target Support Files/Pods-ChartsForiOSTests/Pods-ChartsForiOSTests.release.xcconfig"; sourceTree = "<group>"; };
		E1A643180222676AF58672E0 /* Pods-ChartsForiOS.release.xcconfig */ = {isa = PBXFileReference; includeInIndex = 1; lastKnownFileType = text.xcconfig; name = "Pods-ChartsForiOS.release.xcconfig"; path = "Target Support Files/Pods-ChartsForiOS/Pods-ChartsForiOS.release.xcconfig"; sourceTree = "<group>"; };
		E6DC4047E8604A81727D4A13 /* Pods_ChartsForiOS.framework */ = {isa = PBXFileReference; explicitFileType = wrapper.framework; includeInIndex = 0; path = Pods_ChartsForiOS.framework; sourceTree = BUILT_PRODUCTS_DIR; };
		F3EAE30C3C54DB2A2FA3C962 /* Pods-ChartsForiOSTests.debug.xcconfig */ = {isa = PBXFileReference; includeInIndex = 1; lastKnownFileType = text.xcconfig; name = "Pods-ChartsForiOSTests.debug.xcconfig"; path = "Target Support Files/Pods-ChartsForiOSTests/Pods-ChartsForiOSTests.debug.xcconfig"; sourceTree = "<group>"; };
		F4BA2755068F1C8FB14A5F7A /* Pods-ChartsForiOS-ChartsForiOSUITests.release.xcconfig */ = {isa = PBXFileReference; includeInIndex = 1; lastKnownFileType = text.xcconfig; name = "Pods-ChartsForiOS-ChartsForiOSUITests.release.xcconfig"; path = "Target Support Files/Pods-ChartsForiOS-ChartsForiOSUITests/Pods-ChartsForiOS-ChartsForiOSUITests.release.xcconfig"; sourceTree = "<group>"; };
/* End PBXFileReference section */

/* Begin PBXFrameworksBuildPhase section */
		795F206C27D60BA800A9B539 /* Frameworks */ = {
			isa = PBXFrameworksBuildPhase;
			buildActionMask = 2147483647;
			files = (
				2AA3E7FE1B3C4A1992D32D90 /* Pods_ChartsForiOS.framework in Frameworks */,
			);
			runOnlyForDeploymentPostprocessing = 0;
		};
		795F207C27D60BA900A9B539 /* Frameworks */ = {
			isa = PBXFrameworksBuildPhase;
			buildActionMask = 2147483647;
			files = (
				47CDD6B20582CFF6493CF5F7 /* Pods_ChartsForiOSTests.framework in Frameworks */,
			);
			runOnlyForDeploymentPostprocessing = 0;
		};
		795F208627D60BA900A9B539 /* Frameworks */ = {
			isa = PBXFrameworksBuildPhase;
			buildActionMask = 2147483647;
			files = (
				052C0E3ABDAC33DE2FE3DFAF /* Pods_ChartsForiOS_ChartsForiOSUITests.framework in Frameworks */,
			);
			runOnlyForDeploymentPostprocessing = 0;
		};
/* End PBXFrameworksBuildPhase section */

/* Begin PBXGroup section */
		4BFEA680DD3CB45A174E1A61 /* Frameworks */ = {
			isa = PBXGroup;
			children = (
				E6DC4047E8604A81727D4A13 /* Pods_ChartsForiOS.framework */,
				8E6DC7E2691F090CF3D79FA3 /* Pods_ChartsForiOS_ChartsForiOSUITests.framework */,
				746222AAA3F76EAE497781C7 /* Pods_ChartsForiOSTests.framework */,
			);
			name = Frameworks;
			sourceTree = "<group>";
		};
		7860C4DF0F538C7FBCB29E9F /* Pods */ = {
			isa = PBXGroup;
			children = (
				16E2C0E4EF3A493DF89A3B79 /* Pods-ChartsForiOS.debug.xcconfig */,
				E1A643180222676AF58672E0 /* Pods-ChartsForiOS.release.xcconfig */,
				915DF7655D50D9435F62CE7F /* Pods-ChartsForiOS-ChartsForiOSUITests.debug.xcconfig */,
				F4BA2755068F1C8FB14A5F7A /* Pods-ChartsForiOS-ChartsForiOSUITests.release.xcconfig */,
				F3EAE30C3C54DB2A2FA3C962 /* Pods-ChartsForiOSTests.debug.xcconfig */,
				A0B058BFA7C6B37A397E41AF /* Pods-ChartsForiOSTests.release.xcconfig */,
			);
			path = Pods;
			sourceTree = "<group>";
		};
		795F206627D60BA700A9B539 = {
			isa = PBXGroup;
			children = (
				795F207127D60BA800A9B539 /* ChartsForiOS */,
				795F208227D60BA900A9B539 /* ChartsForiOSTests */,
				795F208C27D60BA900A9B539 /* ChartsForiOSUITests */,
				795F207027D60BA800A9B539 /* Products */,
				7860C4DF0F538C7FBCB29E9F /* Pods */,
				4BFEA680DD3CB45A174E1A61 /* Frameworks */,
			);
			sourceTree = "<group>";
		};
		795F207027D60BA800A9B539 /* Products */ = {
			isa = PBXGroup;
			children = (
				795F206F27D60BA800A9B539 /* ChartsForiOS.app */,
				795F207F27D60BA900A9B539 /* ChartsForiOSTests.xctest */,
				795F208927D60BA900A9B539 /* ChartsForiOSUITests.xctest */,
			);
			name = Products;
			sourceTree = "<group>";
		};
		795F207127D60BA800A9B539 /* ChartsForiOS */ = {
			isa = PBXGroup;
			children = (
				795F209D27D60C9C00A9B539 /* ChartViews */,
				795F20AB27D60C9C00A9B539 /* Common */,
				795F20A627D60C9C00A9B539 /* Views */,
				795F207227D60BA800A9B539 /* ChartsForiOSApp.swift */,
				795F207427D60BA800A9B539 /* ContentView.swift */,
				795F20D627D73B8000A9B539 /* Dashboard.swift */,
				795F20D827D75A7800A9B539 /* MultiViewDashboard.swift */,
				795F20DA27D77D2900A9B539 /* ChartCustomizatedView.swift */,
				795F20DC27D879BD00A9B539 /* ChartCollectionView.swift */,
				795F20E627D9BDEA00A9B539 /* ChartCustomizationView.swift */,
				795F20E227D8D53900A9B539 /* FlipEffect.swift */,
				795F20E427D8D57300A9B539 /* CustomizeChartView.swift */,
				795F20E027D8AEAA00A9B539 /* ChartCollectionMainView.swift */,
				795F207627D60BA900A9B539 /* Assets.xcassets */,
				795F207827D60BA900A9B539 /* Preview Content */,
			);
			path = ChartsForiOS;
			sourceTree = "<group>";
		};
		795F207827D60BA900A9B539 /* Preview Content */ = {
			isa = PBXGroup;
			children = (
				795F207927D60BA900A9B539 /* Preview Assets.xcassets */,
			);
			path = "Preview Content";
			sourceTree = "<group>";
		};
		795F208227D60BA900A9B539 /* ChartsForiOSTests */ = {
			isa = PBXGroup;
			children = (
				795F208327D60BA900A9B539 /* ChartsForiOSTests.swift */,
			);
			path = ChartsForiOSTests;
			sourceTree = "<group>";
		};
		795F208C27D60BA900A9B539 /* ChartsForiOSUITests */ = {
			isa = PBXGroup;
			children = (
				795F208D27D60BA900A9B539 /* ChartsForiOSUITests.swift */,
				795F208F27D60BA900A9B539 /* ChartsForiOSUITestsLaunchTests.swift */,
			);
			path = ChartsForiOSUITests;
			sourceTree = "<group>";
		};
		795F209D27D60C9C00A9B539 /* ChartViews */ = {
			isa = PBXGroup;
			children = (
				795F209E27D60C9C00A9B539 /* BubbleChartViewResponse.swift */,
				795F209F27D60C9C00A9B539 /* RadarChartViewResponse.swift */,
				795F20A027D60C9C00A9B539 /* ScatterChartViewResponse.swift */,
				795F20A127D60C9C00A9B539 /* CandleStickChartViewResponse.swift */,
				795F20A227D60C9C00A9B539 /* HorizontalBarChartViewResponse.swift */,
				795F20A327D60C9C00A9B539 /* CombinedChartViewResponse.swift */,
				795F20A427D60C9C00A9B539 /* PieChartViewResponse.swift */,
				795F20A527D60C9C00A9B539 /* BarChartViewResponse.swift */,
				795F20CC27D6157700A9B539 /* LineChartViewResponse.swift */,
				795F20D227D62B7300A9B539 /* CommonChartViewResponce.swift */,
			);
			path = ChartViews;
			sourceTree = "<group>";
		};
		795F20A627D60C9C00A9B539 /* Views */ = {
			isa = PBXGroup;
			children = (
				795F20A727D60C9C00A9B539 /* ChartLineView.swift */,
				795F20A827D60C9C00A9B539 /* ChartPieView.swift */,
				795F20AA27D60C9C00A9B539 /* ChartMainview.swift */,
				795F20BC27D6124C00A9B539 /* ChartsBarView.swift */,
				795F20D027D6278400A9B539 /* ChartHBarView.swift */,
				795F20BE27D6129E00A9B539 /* ChartRadarView.swift */,
				795F20C027D6137100A9B539 /* ChartScatterView.swift */,
				795F20C227D6138000A9B539 /* ChartCandleStickChart.swift */,
				795F20C827D613ED00A9B539 /* ChartBubblesView.swift */,
				795F20D427D62BC000A9B539 /* ChartCommonView.swift */,
				795F20DE27D89A3600A9B539 /* ChartCombinView.swift */,
			);
			path = Views;
			sourceTree = "<group>";
		};
		795F20AB27D60C9C00A9B539 /* Common */ = {
			isa = PBXGroup;
			children = (
				795F20AC27D60C9C00A9B539 /* ChartsColors.swift */,
			);
			path = Common;
			sourceTree = "<group>";
		};
/* End PBXGroup section */

/* Begin PBXNativeTarget section */
		795F206E27D60BA800A9B539 /* ChartsForiOS */ = {
			isa = PBXNativeTarget;
			buildConfigurationList = 795F209327D60BA900A9B539 /* Build configuration list for PBXNativeTarget "ChartsForiOS" */;
			buildPhases = (
				F0074A6407FDE172630D6F4D /* [CP] Check Pods Manifest.lock */,
				795F206B27D60BA800A9B539 /* Sources */,
				795F206C27D60BA800A9B539 /* Frameworks */,
				795F206D27D60BA800A9B539 /* Resources */,
				FCC41BBCBBEA6D8F043686AD /* [CP] Embed Pods Frameworks */,
			);
			buildRules = (
			);
			dependencies = (
			);
			name = ChartsForiOS;
			productName = ChartsForiOS;
			productReference = 795F206F27D60BA800A9B539 /* ChartsForiOS.app */;
			productType = "com.apple.product-type.application";
		};
		795F207E27D60BA900A9B539 /* ChartsForiOSTests */ = {
			isa = PBXNativeTarget;
			buildConfigurationList = 795F209627D60BA900A9B539 /* Build configuration list for PBXNativeTarget "ChartsForiOSTests" */;
			buildPhases = (
				CA6AAB1655815B6E42680B28 /* [CP] Check Pods Manifest.lock */,
				795F207B27D60BA900A9B539 /* Sources */,
				795F207C27D60BA900A9B539 /* Frameworks */,
				795F207D27D60BA900A9B539 /* Resources */,
			);
			buildRules = (
			);
			dependencies = (
				795F208127D60BA900A9B539 /* PBXTargetDependency */,
			);
			name = ChartsForiOSTests;
			productName = ChartsForiOSTests;
			productReference = 795F207F27D60BA900A9B539 /* ChartsForiOSTests.xctest */;
			productType = "com.apple.product-type.bundle.unit-test";
		};
		795F208827D60BA900A9B539 /* ChartsForiOSUITests */ = {
			isa = PBXNativeTarget;
			buildConfigurationList = 795F209927D60BA900A9B539 /* Build configuration list for PBXNativeTarget "ChartsForiOSUITests" */;
			buildPhases = (
				8A5DFEB1351D287FD54389BD /* [CP] Check Pods Manifest.lock */,
				795F208527D60BA900A9B539 /* Sources */,
				795F208627D60BA900A9B539 /* Frameworks */,
				795F208727D60BA900A9B539 /* Resources */,
				7BB65DDBA25D6917D3C1BF52 /* [CP] Embed Pods Frameworks */,
			);
			buildRules = (
			);
			dependencies = (
				795F208B27D60BA900A9B539 /* PBXTargetDependency */,
			);
			name = ChartsForiOSUITests;
			productName = ChartsForiOSUITests;
			productReference = 795F208927D60BA900A9B539 /* ChartsForiOSUITests.xctest */;
			productType = "com.apple.product-type.bundle.ui-testing";
		};
/* End PBXNativeTarget section */

/* Begin PBXProject section */
		795F206727D60BA700A9B539 /* Project object */ = {
			isa = PBXProject;
			attributes = {
				BuildIndependentTargetsInParallel = 1;
				LastSwiftUpdateCheck = 1320;
				LastUpgradeCheck = 1320;
				TargetAttributes = {
					795F206E27D60BA800A9B539 = {
						CreatedOnToolsVersion = 13.2.1;
					};
					795F207E27D60BA900A9B539 = {
						CreatedOnToolsVersion = 13.2.1;
						TestTargetID = 795F206E27D60BA800A9B539;
					};
					795F208827D60BA900A9B539 = {
						CreatedOnToolsVersion = 13.2.1;
						TestTargetID = 795F206E27D60BA800A9B539;
					};
				};
			};
			buildConfigurationList = 795F206A27D60BA700A9B539 /* Build configuration list for PBXProject "ChartsForiOS" */;
			compatibilityVersion = "Xcode 13.0";
			developmentRegion = en;
			hasScannedForEncodings = 0;
			knownRegions = (
				en,
				Base,
			);
			mainGroup = 795F206627D60BA700A9B539;
			productRefGroup = 795F207027D60BA800A9B539 /* Products */;
			projectDirPath = "";
			projectRoot = "";
			targets = (
				795F206E27D60BA800A9B539 /* ChartsForiOS */,
				795F207E27D60BA900A9B539 /* ChartsForiOSTests */,
				795F208827D60BA900A9B539 /* ChartsForiOSUITests */,
			);
		};
/* End PBXProject section */

/* Begin PBXResourcesBuildPhase section */
		795F206D27D60BA800A9B539 /* Resources */ = {
			isa = PBXResourcesBuildPhase;
			buildActionMask = 2147483647;
			files = (
				795F207A27D60BA900A9B539 /* Preview Assets.xcassets in Resources */,
				795F207727D60BA900A9B539 /* Assets.xcassets in Resources */,
			);
			runOnlyForDeploymentPostprocessing = 0;
		};
		795F207D27D60BA900A9B539 /* Resources */ = {
			isa = PBXResourcesBuildPhase;
			buildActionMask = 2147483647;
			files = (
			);
			runOnlyForDeploymentPostprocessing = 0;
		};
		795F208727D60BA900A9B539 /* Resources */ = {
			isa = PBXResourcesBuildPhase;
			buildActionMask = 2147483647;
			files = (
			);
			runOnlyForDeploymentPostprocessing = 0;
		};
/* End PBXResourcesBuildPhase section */

/* Begin PBXShellScriptBuildPhase section */
		7BB65DDBA25D6917D3C1BF52 /* [CP] Embed Pods Frameworks */ = {
			isa = PBXShellScriptBuildPhase;
			buildActionMask = 2147483647;
			files = (
			);
			inputFileListPaths = (
				"${PODS_ROOT}/Target Support Files/Pods-ChartsForiOS-ChartsForiOSUITests/Pods-ChartsForiOS-ChartsForiOSUITests-frameworks-${CONFIGURATION}-input-files.xcfilelist",
			);
			name = "[CP] Embed Pods Frameworks";
			outputFileListPaths = (
				"${PODS_ROOT}/Target Support Files/Pods-ChartsForiOS-ChartsForiOSUITests/Pods-ChartsForiOS-ChartsForiOSUITests-frameworks-${CONFIGURATION}-output-files.xcfilelist",
			);
			runOnlyForDeploymentPostprocessing = 0;
			shellPath = /bin/sh;
			shellScript = "\"${PODS_ROOT}/Target Support Files/Pods-ChartsForiOS-ChartsForiOSUITests/Pods-ChartsForiOS-ChartsForiOSUITests-frameworks.sh\"\n";
			showEnvVarsInLog = 0;
		};
		8A5DFEB1351D287FD54389BD /* [CP] Check Pods Manifest.lock */ = {
			isa = PBXShellScriptBuildPhase;
			buildActionMask = 2147483647;
			files = (
			);
			inputFileListPaths = (
			);
			inputPaths = (
				"${PODS_PODFILE_DIR_PATH}/Podfile.lock",
				"${PODS_ROOT}/Manifest.lock",
			);
			name = "[CP] Check Pods Manifest.lock";
			outputFileListPaths = (
			);
			outputPaths = (
				"$(DERIVED_FILE_DIR)/Pods-ChartsForiOS-ChartsForiOSUITests-checkManifestLockResult.txt",
			);
			runOnlyForDeploymentPostprocessing = 0;
			shellPath = /bin/sh;
			shellScript = "diff \"${PODS_PODFILE_DIR_PATH}/Podfile.lock\" \"${PODS_ROOT}/Manifest.lock\" > /dev/null\nif [ $? != 0 ] ; then\n    # print error to STDERR\n    echo \"error: The sandbox is not in sync with the Podfile.lock. Run 'pod install' or update your CocoaPods installation.\" >&2\n    exit 1\nfi\n# This output is used by Xcode 'outputs' to avoid re-running this script phase.\necho \"SUCCESS\" > \"${SCRIPT_OUTPUT_FILE_0}\"\n";
			showEnvVarsInLog = 0;
		};
		CA6AAB1655815B6E42680B28 /* [CP] Check Pods Manifest.lock */ = {
			isa = PBXShellScriptBuildPhase;
			buildActionMask = 2147483647;
			files = (
			);
			inputFileListPaths = (
			);
			inputPaths = (
				"${PODS_PODFILE_DIR_PATH}/Podfile.lock",
				"${PODS_ROOT}/Manifest.lock",
			);
			name = "[CP] Check Pods Manifest.lock";
			outputFileListPaths = (
			);
			outputPaths = (
				"$(DERIVED_FILE_DIR)/Pods-ChartsForiOSTests-checkManifestLockResult.txt",
			);
			runOnlyForDeploymentPostprocessing = 0;
			shellPath = /bin/sh;
			shellScript = "diff \"${PODS_PODFILE_DIR_PATH}/Podfile.lock\" \"${PODS_ROOT}/Manifest.lock\" > /dev/null\nif [ $? != 0 ] ; then\n    # print error to STDERR\n    echo \"error: The sandbox is not in sync with the Podfile.lock. Run 'pod install' or update your CocoaPods installation.\" >&2\n    exit 1\nfi\n# This output is used by Xcode 'outputs' to avoid re-running this script phase.\necho \"SUCCESS\" > \"${SCRIPT_OUTPUT_FILE_0}\"\n";
			showEnvVarsInLog = 0;
		};
		F0074A6407FDE172630D6F4D /* [CP] Check Pods Manifest.lock */ = {
			isa = PBXShellScriptBuildPhase;
			buildActionMask = 2147483647;
			files = (
			);
			inputFileListPaths = (
			);
			inputPaths = (
				"${PODS_PODFILE_DIR_PATH}/Podfile.lock",
				"${PODS_ROOT}/Manifest.lock",
			);
			name = "[CP] Check Pods Manifest.lock";
			outputFileListPaths = (
			);
			outputPaths = (
				"$(DERIVED_FILE_DIR)/Pods-ChartsForiOS-checkManifestLockResult.txt",
			);
			runOnlyForDeploymentPostprocessing = 0;
			shellPath = /bin/sh;
			shellScript = "diff \"${PODS_PODFILE_DIR_PATH}/Podfile.lock\" \"${PODS_ROOT}/Manifest.lock\" > /dev/null\nif [ $? != 0 ] ; then\n    # print error to STDERR\n    echo \"error: The sandbox is not in sync with the Podfile.lock. Run 'pod install' or update your CocoaPods installation.\" >&2\n    exit 1\nfi\n# This output is used by Xcode 'outputs' to avoid re-running this script phase.\necho \"SUCCESS\" > \"${SCRIPT_OUTPUT_FILE_0}\"\n";
			showEnvVarsInLog = 0;
		};
		FCC41BBCBBEA6D8F043686AD /* [CP] Embed Pods Frameworks */ = {
			isa = PBXShellScriptBuildPhase;
			buildActionMask = 2147483647;
			files = (
			);
			inputFileListPaths = (
				"${PODS_ROOT}/Target Support Files/Pods-ChartsForiOS/Pods-ChartsForiOS-frameworks-${CONFIGURATION}-input-files.xcfilelist",
			);
			name = "[CP] Embed Pods Frameworks";
			outputFileListPaths = (
				"${PODS_ROOT}/Target Support Files/Pods-ChartsForiOS/Pods-ChartsForiOS-frameworks-${CONFIGURATION}-output-files.xcfilelist",
			);
			runOnlyForDeploymentPostprocessing = 0;
			shellPath = /bin/sh;
			shellScript = "\"${PODS_ROOT}/Target Support Files/Pods-ChartsForiOS/Pods-ChartsForiOS-frameworks.sh\"\n";
			showEnvVarsInLog = 0;
		};
/* End PBXShellScriptBuildPhase section */

/* Begin PBXSourcesBuildPhase section */
		795F206B27D60BA800A9B539 /* Sources */ = {
			isa = PBXSourcesBuildPhase;
			buildActionMask = 2147483647;
			files = (
				795F20CD27D6157700A9B539 /* LineChartViewResponse.swift in Sources */,
				795F20B327D60C9C00A9B539 /* PieChartViewResponse.swift in Sources */,
				795F207527D60BA800A9B539 /* ContentView.swift in Sources */,
				795F20B927D60C9C00A9B539 /* ChartsColors.swift in Sources */,
				795F20BF27D6129E00A9B539 /* ChartRadarView.swift in Sources */,
				795F20C127D6137100A9B539 /* ChartScatterView.swift in Sources */,
				795F20C327D6138000A9B539 /* ChartCandleStickChart.swift in Sources */,
				795F20D327D62B7300A9B539 /* CommonChartViewResponce.swift in Sources */,
				795F20BD27D6124C00A9B539 /* ChartsBarView.swift in Sources */,
				795F20AF27D60C9C00A9B539 /* ScatterChartViewResponse.swift in Sources */,
				795F20D727D73B8000A9B539 /* Dashboard.swift in Sources */,
				795F20B527D60C9C00A9B539 /* ChartLineView.swift in Sources */,
				795F20C927D613ED00A9B539 /* ChartBubblesView.swift in Sources */,
				795F20B627D60C9C00A9B539 /* ChartPieView.swift in Sources */,
				795F20DD27D879BE00A9B539 /* ChartCollectionView.swift in Sources */,
				795F20D527D62BC000A9B539 /* ChartCommonView.swift in Sources */,
				795F20B127D60C9C00A9B539 /* HorizontalBarChartViewResponse.swift in Sources */,
				795F20AE27D60C9C00A9B539 /* RadarChartViewResponse.swift in Sources */,
				795F20DB27D77D2900A9B539 /* ChartCustomizatedView.swift in Sources */,
				795F20E327D8D53900A9B539 /* FlipEffect.swift in Sources */,
				795F207327D60BA800A9B539 /* ChartsForiOSApp.swift in Sources */,
				795F20D127D6278400A9B539 /* ChartHBarView.swift in Sources */,
				795F20B427D60C9C00A9B539 /* BarChartViewResponse.swift in Sources */,
				795F20B827D60C9C00A9B539 /* ChartMainview.swift in Sources */,
				795F20D927D75A7800A9B539 /* MultiViewDashboard.swift in Sources */,
				795F20E127D8AEAA00A9B539 /* ChartCollectionMainView.swift in Sources */,
				795F20B027D60C9C00A9B539 /* CandleStickChartViewResponse.swift in Sources */,
				795F20DF27D89A3600A9B539 /* ChartCombinView.swift in Sources */,
				795F20AD27D60C9C00A9B539 /* BubbleChartViewResponse.swift in Sources */,
				795F20E727D9BDEA00A9B539 /* ChartCustomizationView.swift in Sources */,
				795F20E527D8D57300A9B539 /* CustomizeChartView.swift in Sources */,
				795F20B227D60C9C00A9B539 /* CombinedChartViewResponse.swift in Sources */,
			);
			runOnlyForDeploymentPostprocessing = 0;
		};
		795F207B27D60BA900A9B539 /* Sources */ = {
			isa = PBXSourcesBuildPhase;
			buildActionMask = 2147483647;
			files = (
				795F208427D60BA900A9B539 /* ChartsForiOSTests.swift in Sources */,
			);
			runOnlyForDeploymentPostprocessing = 0;
		};
		795F208527D60BA900A9B539 /* Sources */ = {
			isa = PBXSourcesBuildPhase;
			buildActionMask = 2147483647;
			files = (
				795F208E27D60BA900A9B539 /* ChartsForiOSUITests.swift in Sources */,
				795F209027D60BA900A9B539 /* ChartsForiOSUITestsLaunchTests.swift in Sources */,
			);
			runOnlyForDeploymentPostprocessing = 0;
		};
/* End PBXSourcesBuildPhase section */

/* Begin PBXTargetDependency section */
		795F208127D60BA900A9B539 /* PBXTargetDependency */ = {
			isa = PBXTargetDependency;
			target = 795F206E27D60BA800A9B539 /* ChartsForiOS */;
			targetProxy = 795F208027D60BA900A9B539 /* PBXContainerItemProxy */;
		};
		795F208B27D60BA900A9B539 /* PBXTargetDependency */ = {
			isa = PBXTargetDependency;
			target = 795F206E27D60BA800A9B539 /* ChartsForiOS */;
			targetProxy = 795F208A27D60BA900A9B539 /* PBXContainerItemProxy */;
		};
/* End PBXTargetDependency section */

/* Begin XCBuildConfiguration section */
		795F209127D60BA900A9B539 /* Debug */ = {
			isa = XCBuildConfiguration;
			buildSettings = {
				ALWAYS_SEARCH_USER_PATHS = NO;
				CLANG_ANALYZER_NONNULL = YES;
				CLANG_ANALYZER_NUMBER_OBJECT_CONVERSION = YES_AGGRESSIVE;
				CLANG_CXX_LANGUAGE_STANDARD = "gnu++17";
				CLANG_CXX_LIBRARY = "libc++";
				CLANG_ENABLE_MODULES = YES;
				CLANG_ENABLE_OBJC_ARC = YES;
				CLANG_ENABLE_OBJC_WEAK = YES;
				CLANG_WARN_BLOCK_CAPTURE_AUTORELEASING = YES;
				CLANG_WARN_BOOL_CONVERSION = YES;
				CLANG_WARN_COMMA = YES;
				CLANG_WARN_CONSTANT_CONVERSION = YES;
				CLANG_WARN_DEPRECATED_OBJC_IMPLEMENTATIONS = YES;
				CLANG_WARN_DIRECT_OBJC_ISA_USAGE = YES_ERROR;
				CLANG_WARN_DOCUMENTATION_COMMENTS = YES;
				CLANG_WARN_EMPTY_BODY = YES;
				CLANG_WARN_ENUM_CONVERSION = YES;
				CLANG_WARN_INFINITE_RECURSION = YES;
				CLANG_WARN_INT_CONVERSION = YES;
				CLANG_WARN_NON_LITERAL_NULL_CONVERSION = YES;
				CLANG_WARN_OBJC_IMPLICIT_RETAIN_SELF = YES;
				CLANG_WARN_OBJC_LITERAL_CONVERSION = YES;
				CLANG_WARN_OBJC_ROOT_CLASS = YES_ERROR;
				CLANG_WARN_QUOTED_INCLUDE_IN_FRAMEWORK_HEADER = YES;
				CLANG_WARN_RANGE_LOOP_ANALYSIS = YES;
				CLANG_WARN_STRICT_PROTOTYPES = YES;
				CLANG_WARN_SUSPICIOUS_MOVE = YES;
				CLANG_WARN_UNGUARDED_AVAILABILITY = YES_AGGRESSIVE;
				CLANG_WARN_UNREACHABLE_CODE = YES;
				CLANG_WARN__DUPLICATE_METHOD_MATCH = YES;
				COPY_PHASE_STRIP = NO;
				DEBUG_INFORMATION_FORMAT = dwarf;
				ENABLE_STRICT_OBJC_MSGSEND = YES;
				ENABLE_TESTABILITY = YES;
				GCC_C_LANGUAGE_STANDARD = gnu11;
				GCC_DYNAMIC_NO_PIC = NO;
				GCC_NO_COMMON_BLOCKS = YES;
				GCC_OPTIMIZATION_LEVEL = 0;
				GCC_PREPROCESSOR_DEFINITIONS = (
					"DEBUG=1",
					"$(inherited)",
				);
				GCC_WARN_64_TO_32_BIT_CONVERSION = YES;
				GCC_WARN_ABOUT_RETURN_TYPE = YES_ERROR;
				GCC_WARN_UNDECLARED_SELECTOR = YES;
				GCC_WARN_UNINITIALIZED_AUTOS = YES_AGGRESSIVE;
				GCC_WARN_UNUSED_FUNCTION = YES;
				GCC_WARN_UNUSED_VARIABLE = YES;
				IPHONEOS_DEPLOYMENT_TARGET = 15.2;
				MTL_ENABLE_DEBUG_INFO = INCLUDE_SOURCE;
				MTL_FAST_MATH = YES;
				ONLY_ACTIVE_ARCH = YES;
				SDKROOT = iphoneos;
				SWIFT_ACTIVE_COMPILATION_CONDITIONS = DEBUG;
				SWIFT_OPTIMIZATION_LEVEL = "-Onone";
			};
			name = Debug;
		};
		795F209227D60BA900A9B539 /* Release */ = {
			isa = XCBuildConfiguration;
			buildSettings = {
				ALWAYS_SEARCH_USER_PATHS = NO;
				CLANG_ANALYZER_NONNULL = YES;
				CLANG_ANALYZER_NUMBER_OBJECT_CONVERSION = YES_AGGRESSIVE;
				CLANG_CXX_LANGUAGE_STANDARD = "gnu++17";
				CLANG_CXX_LIBRARY = "libc++";
				CLANG_ENABLE_MODULES = YES;
				CLANG_ENABLE_OBJC_ARC = YES;
				CLANG_ENABLE_OBJC_WEAK = YES;
				CLANG_WARN_BLOCK_CAPTURE_AUTORELEASING = YES;
				CLANG_WARN_BOOL_CONVERSION = YES;
				CLANG_WARN_COMMA = YES;
				CLANG_WARN_CONSTANT_CONVERSION = YES;
				CLANG_WARN_DEPRECATED_OBJC_IMPLEMENTATIONS = YES;
				CLANG_WARN_DIRECT_OBJC_ISA_USAGE = YES_ERROR;
				CLANG_WARN_DOCUMENTATION_COMMENTS = YES;
				CLANG_WARN_EMPTY_BODY = YES;
				CLANG_WARN_ENUM_CONVERSION = YES;
				CLANG_WARN_INFINITE_RECURSION = YES;
				CLANG_WARN_INT_CONVERSION = YES;
				CLANG_WARN_NON_LITERAL_NULL_CONVERSION = YES;
				CLANG_WARN_OBJC_IMPLICIT_RETAIN_SELF = YES;
				CLANG_WARN_OBJC_LITERAL_CONVERSION = YES;
				CLANG_WARN_OBJC_ROOT_CLASS = YES_ERROR;
				CLANG_WARN_QUOTED_INCLUDE_IN_FRAMEWORK_HEADER = YES;
				CLANG_WARN_RANGE_LOOP_ANALYSIS = YES;
				CLANG_WARN_STRICT_PROTOTYPES = YES;
				CLANG_WARN_SUSPICIOUS_MOVE = YES;
				CLANG_WARN_UNGUARDED_AVAILABILITY = YES_AGGRESSIVE;
				CLANG_WARN_UNREACHABLE_CODE = YES;
				CLANG_WARN__DUPLICATE_METHOD_MATCH = YES;
				COPY_PHASE_STRIP = NO;
				DEBUG_INFORMATION_FORMAT = "dwarf-with-dsym";
				ENABLE_NS_ASSERTIONS = NO;
				ENABLE_STRICT_OBJC_MSGSEND = YES;
				GCC_C_LANGUAGE_STANDARD = gnu11;
				GCC_NO_COMMON_BLOCKS = YES;
				GCC_WARN_64_TO_32_BIT_CONVERSION = YES;
				GCC_WARN_ABOUT_RETURN_TYPE = YES_ERROR;
				GCC_WARN_UNDECLARED_SELECTOR = YES;
				GCC_WARN_UNINITIALIZED_AUTOS = YES_AGGRESSIVE;
				GCC_WARN_UNUSED_FUNCTION = YES;
				GCC_WARN_UNUSED_VARIABLE = YES;
				IPHONEOS_DEPLOYMENT_TARGET = 15.2;
				MTL_ENABLE_DEBUG_INFO = NO;
				MTL_FAST_MATH = YES;
				SDKROOT = iphoneos;
				SWIFT_COMPILATION_MODE = wholemodule;
				SWIFT_OPTIMIZATION_LEVEL = "-O";
				VALIDATE_PRODUCT = YES;
			};
			name = Release;
		};
		795F209427D60BA900A9B539 /* Debug */ = {
			isa = XCBuildConfiguration;
			baseConfigurationReference = 16E2C0E4EF3A493DF89A3B79 /* Pods-ChartsForiOS.debug.xcconfig */;
			buildSettings = {
				ASSETCATALOG_COMPILER_APPICON_NAME = AppIcon;
				ASSETCATALOG_COMPILER_GLOBAL_ACCENT_COLOR_NAME = AccentColor;
				CODE_SIGN_STYLE = Automatic;
				CURRENT_PROJECT_VERSION = 1;
				DEVELOPMENT_ASSET_PATHS = "\"ChartsForiOS/Preview Content\"";
				DEVELOPMENT_TEAM = FHBJTCA4K5;
				ENABLE_PREVIEWS = YES;
				GENERATE_INFOPLIST_FILE = YES;
				INFOPLIST_KEY_UIApplicationSceneManifest_Generation = YES;
				INFOPLIST_KEY_UIApplicationSupportsIndirectInputEvents = YES;
				INFOPLIST_KEY_UILaunchScreen_Generation = YES;
				INFOPLIST_KEY_UISupportedInterfaceOrientations_iPad = "UIInterfaceOrientationPortrait UIInterfaceOrientationPortraitUpsideDown UIInterfaceOrientationLandscapeLeft UIInterfaceOrientationLandscapeRight";
				INFOPLIST_KEY_UISupportedInterfaceOrientations_iPhone = "UIInterfaceOrientationPortrait UIInterfaceOrientationLandscapeLeft UIInterfaceOrientationLandscapeRight";
				LD_RUNPATH_SEARCH_PATHS = (
					"$(inherited)",
					"@executable_path/Frameworks",
				);
				MARKETING_VERSION = 1.0;
				PRODUCT_BUNDLE_IDENTIFIER = com.aliawami.ChartsForiOS;
				PRODUCT_NAME = "$(TARGET_NAME)";
				SWIFT_EMIT_LOC_STRINGS = YES;
				SWIFT_VERSION = 5.0;
				TARGETED_DEVICE_FAMILY = "1,2";
			};
			name = Debug;
		};
		795F209527D60BA900A9B539 /* Release */ = {
			isa = XCBuildConfiguration;
			baseConfigurationReference = E1A643180222676AF58672E0 /* Pods-ChartsForiOS.release.xcconfig */;
			buildSettings = {
				ASSETCATALOG_COMPILER_APPICON_NAME = AppIcon;
				ASSETCATALOG_COMPILER_GLOBAL_ACCENT_COLOR_NAME = AccentColor;
				CODE_SIGN_STYLE = Automatic;
				CURRENT_PROJECT_VERSION = 1;
				DEVELOPMENT_ASSET_PATHS = "\"ChartsForiOS/Preview Content\"";
				DEVELOPMENT_TEAM = FHBJTCA4K5;
				ENABLE_PREVIEWS = YES;
				GENERATE_INFOPLIST_FILE = YES;
				INFOPLIST_KEY_UIApplicationSceneManifest_Generation = YES;
				INFOPLIST_KEY_UIApplicationSupportsIndirectInputEvents = YES;
				INFOPLIST_KEY_UILaunchScreen_Generation = YES;
				INFOPLIST_KEY_UISupportedInterfaceOrientations_iPad = "UIInterfaceOrientationPortrait UIInterfaceOrientationPortraitUpsideDown UIInterfaceOrientationLandscapeLeft UIInterfaceOrientationLandscapeRight";
				INFOPLIST_KEY_UISupportedInterfaceOrientations_iPhone = "UIInterfaceOrientationPortrait UIInterfaceOrientationLandscapeLeft UIInterfaceOrientationLandscapeRight";
				LD_RUNPATH_SEARCH_PATHS = (
					"$(inherited)",
					"@executable_path/Frameworks",
				);
				MARKETING_VERSION = 1.0;
				PRODUCT_BUNDLE_IDENTIFIER = com.aliawami.ChartsForiOS;
				PRODUCT_NAME = "$(TARGET_NAME)";
				SWIFT_EMIT_LOC_STRINGS = YES;
				SWIFT_VERSION = 5.0;
				TARGETED_DEVICE_FAMILY = "1,2";
			};
			name = Release;
		};
		795F209727D60BA900A9B539 /* Debug */ = {
			isa = XCBuildConfiguration;
			baseConfigurationReference = F3EAE30C3C54DB2A2FA3C962 /* Pods-ChartsForiOSTests.debug.xcconfig */;
			buildSettings = {
				ALWAYS_EMBED_SWIFT_STANDARD_LIBRARIES = YES;
				BUNDLE_LOADER = "$(TEST_HOST)";
				CODE_SIGN_STYLE = Automatic;
				CURRENT_PROJECT_VERSION = 1;
				DEVELOPMENT_TEAM = FHBJTCA4K5;
				GENERATE_INFOPLIST_FILE = YES;
				IPHONEOS_DEPLOYMENT_TARGET = 15.2;
				MARKETING_VERSION = 1.0;
				PRODUCT_BUNDLE_IDENTIFIER = com.aliawami.ChartsForiOSTests;
				PRODUCT_NAME = "$(TARGET_NAME)";
				SWIFT_EMIT_LOC_STRINGS = NO;
				SWIFT_VERSION = 5.0;
				TARGETED_DEVICE_FAMILY = "1,2";
				TEST_HOST = "$(BUILT_PRODUCTS_DIR)/ChartsForiOS.app/ChartsForiOS";
			};
			name = Debug;
		};
		795F209827D60BA900A9B539 /* Release */ = {
			isa = XCBuildConfiguration;
			baseConfigurationReference = A0B058BFA7C6B37A397E41AF /* Pods-ChartsForiOSTests.release.xcconfig */;
			buildSettings = {
				ALWAYS_EMBED_SWIFT_STANDARD_LIBRARIES = YES;
				BUNDLE_LOADER = "$(TEST_HOST)";
				CODE_SIGN_STYLE = Automatic;
				CURRENT_PROJECT_VERSION = 1;
				DEVELOPMENT_TEAM = FHBJTCA4K5;
				GENERATE_INFOPLIST_FILE = YES;
				IPHONEOS_DEPLOYMENT_TARGET = 15.2;
				MARKETING_VERSION = 1.0;
				PRODUCT_BUNDLE_IDENTIFIER = com.aliawami.ChartsForiOSTests;
				PRODUCT_NAME = "$(TARGET_NAME)";
				SWIFT_EMIT_LOC_STRINGS = NO;
				SWIFT_VERSION = 5.0;
				TARGETED_DEVICE_FAMILY = "1,2";
				TEST_HOST = "$(BUILT_PRODUCTS_DIR)/ChartsForiOS.app/ChartsForiOS";
			};
			name = Release;
		};
		795F209A27D60BA900A9B539 /* Debug */ = {
			isa = XCBuildConfiguration;
			baseConfigurationReference = 915DF7655D50D9435F62CE7F /* Pods-ChartsForiOS-ChartsForiOSUITests.debug.xcconfig */;
			buildSettings = {
				ALWAYS_EMBED_SWIFT_STANDARD_LIBRARIES = YES;
				CODE_SIGN_STYLE = Automatic;
				CURRENT_PROJECT_VERSION = 1;
				DEVELOPMENT_TEAM = FHBJTCA4K5;
				GENERATE_INFOPLIST_FILE = YES;
				MARKETING_VERSION = 1.0;
				PRODUCT_BUNDLE_IDENTIFIER = com.aliawami.ChartsForiOSUITests;
				PRODUCT_NAME = "$(TARGET_NAME)";
				SWIFT_EMIT_LOC_STRINGS = NO;
				SWIFT_VERSION = 5.0;
				TARGETED_DEVICE_FAMILY = "1,2";
				TEST_TARGET_NAME = ChartsForiOS;
			};
			name = Debug;
		};
		795F209B27D60BA900A9B539 /* Release */ = {
			isa = XCBuildConfiguration;
			baseConfigurationReference = F4BA2755068F1C8FB14A5F7A /* Pods-ChartsForiOS-ChartsForiOSUITests.release.xcconfig */;
			buildSettings = {
				ALWAYS_EMBED_SWIFT_STANDARD_LIBRARIES = YES;
				CODE_SIGN_STYLE = Automatic;
				CURRENT_PROJECT_VERSION = 1;
				DEVELOPMENT_TEAM = FHBJTCA4K5;
				GENERATE_INFOPLIST_FILE = YES;
				MARKETING_VERSION = 1.0;
				PRODUCT_BUNDLE_IDENTIFIER = com.aliawami.ChartsForiOSUITests;
				PRODUCT_NAME = "$(TARGET_NAME)";
				SWIFT_EMIT_LOC_STRINGS = NO;
				SWIFT_VERSION = 5.0;
				TARGETED_DEVICE_FAMILY = "1,2";
				TEST_TARGET_NAME = ChartsForiOS;
			};
			name = Release;
		};
/* End XCBuildConfiguration section */

/* Begin XCConfigurationList section */
		795F206A27D60BA700A9B539 /* Build configuration list for PBXProject "ChartsForiOS" */ = {
			isa = XCConfigurationList;
			buildConfigurations = (
				795F209127D60BA900A9B539 /* Debug */,
				795F209227D60BA900A9B539 /* Release */,
			);
			defaultConfigurationIsVisible = 0;
			defaultConfigurationName = Release;
		};
		795F209327D60BA900A9B539 /* Build configuration list for PBXNativeTarget "ChartsForiOS" */ = {
			isa = XCConfigurationList;
			buildConfigurations = (
				795F209427D60BA900A9B539 /* Debug */,
				795F209527D60BA900A9B539 /* Release */,
			);
			defaultConfigurationIsVisible = 0;
			defaultConfigurationName = Release;
		};
		795F209627D60BA900A9B539 /* Build configuration list for PBXNativeTarget "ChartsForiOSTests" */ = {
			isa = XCConfigurationList;
			buildConfigurations = (
				795F209727D60BA900A9B539 /* Debug */,
				795F209827D60BA900A9B539 /* Release */,
			);
			defaultConfigurationIsVisible = 0;
			defaultConfigurationName = Release;
		};
		795F209927D60BA900A9B539 /* Build configuration list for PBXNativeTarget "ChartsForiOSUITests" */ = {
			isa = XCConfigurationList;
			buildConfigurations = (
				795F209A27D60BA900A9B539 /* Debug */,
				795F209B27D60BA900A9B539 /* Release */,
			);
			defaultConfigurationIsVisible = 0;
			defaultConfigurationName = Release;
		};
/* End XCConfigurationList section */
	};
	rootObject = 795F206727D60BA700A9B539 /* Project object */;
}
